<Solution>
  <Folder Name="/src/">
    <Project Path="src/StockFlow.Api/StockFlow.Api.csproj" />
    <Project Path="src/StockFlow.Application/StockFlow.Application.csproj" />
    <Project Path="src/StockFlow.Desktop/StockFlow.Desktop.csproj" />
    <Project Path="src/StockFlow.Domain/StockFlow.Domain.csproj" />
    <Project Path="src/StockFlow.Infrastructure/StockFlow.Infrastructure.csproj" />
  </Folder>
  <Folder Name="/tests/">
    <Project Path="tests/StockFlow.Api.Tests/StockFlow.Api.Tests.csproj" />
    <Project Path="tests/StockFlow.Application.Tests/StockFlow.Application.Tests.csproj" />
    <Project Path="tests/StockFlow.Domain.Tests/StockFlow.Domain.Tests.csproj" />
    <Project Path="tests/StockFlow.Infrastructure.Tests/StockFlow.Infrastructure.Tests.csproj" />
  </Folder>
</Solution>
